// !$*UTF8*$!
{
	archiveVersion = 1;
	classes = {
	};
	objectVersion = 56;
	objects = {

/* Begin PBXBuildFile section */
		FF22E8402BCCFE8900BDEBCB /* SignintoContinueVC.swift in Sources */ = {isa = PBXBuildFile; fileRef = FF22E83F2BCCFE8900BDEBCB /* SignintoContinueVC.swift */; };
		FF22E8422BCD037F00BDEBCB /* SignintoEmailVC.swift in Sources */ = {isa = PBXBuildFile; fileRef = FF22E8412BCD037F00BDEBCB /* SignintoEmailVC.swift */; };
		FF48E2872BD2B21400AC3267 /* Region.swift in Sources */ = {isa = PBXBuildFile; fileRef = FF48E2862BD2B21400AC3267 /* Region.swift */; };
		FF48E28E2BD2B58D00AC3267 /* RegionRepository.swift in Sources */ = {isa = PBXBuildFile; fileRef = FF48E28D2BD2B58D00AC3267 /* RegionRepository.swift */; };
		FF48E2912BD2B5C400AC3267 /* RegionDataSource.swift in Sources */ = {isa = PBXBuildFile; fileRef = FF48E2902BD2B5C400AC3267 /* RegionDataSource.swift */; };
		FF6B52B72BD0DB4C00A8F42C /* Regex.swift in Sources */ = {isa = PBXBuildFile; fileRef = FF6B52B62BD0DB4C00A8F42C /* Regex.swift */; };
		FF6B52B92BD0DE8900A8F42C /* String.swift in Sources */ = {isa = PBXBuildFile; fileRef = FF6B52B82BD0DE8900A8F42C /* String.swift */; };
		FF6B52BB2BD0E07E00A8F42C /* CreateAccVC.swift in Sources */ = {isa = PBXBuildFile; fileRef = FF6B52BA2BD0E07E00A8F42C /* CreateAccVC.swift */; };
		FF6B52BD2BD16A2900A8F42C /* EnablenotiVC.swift in Sources */ = {isa = PBXBuildFile; fileRef = FF6B52BC2BD16A2900A8F42C /* EnablenotiVC.swift */; };
		FF6B52C02BD173C500A8F42C /* Array.swift in Sources */ = {isa = PBXBuildFile; fileRef = FF6B52BF2BD173C500A8F42C /* Array.swift */; };
		FF6B52C22BD175A900A8F42C /* WelcomeVC.swift in Sources */ = {isa = PBXBuildFile; fileRef = FF6B52C12BD175A900A8F42C /* WelcomeVC.swift */; };
		FF6B52C72BD1787300A8F42C /* RegionsCell.swift in Sources */ = {isa = PBXBuildFile; fileRef = FF6B52C52BD1787300A8F42C /* RegionsCell.swift */; };
		FF6B52C82BD1787300A8F42C /* RegionsCell.xib in Resources */ = {isa = PBXBuildFile; fileRef = FF6B52C62BD1787300A8F42C /* RegionsCell.xib */; };
		FF77DA892BCCF3390075C524 /* SplashScreenVC.swift in Sources */ = {isa = PBXBuildFile; fileRef = FF77DA882BCCF3390075C524 /* SplashScreenVC.swift */; };
		FF7BABDD2BCBF3C6002AF769 /* AppDelegate.swift in Sources */ = {isa = PBXBuildFile; fileRef = FF7BABDC2BCBF3C6002AF769 /* AppDelegate.swift */; };
		FF7BABDF2BCBF3C6002AF769 /* SceneDelegate.swift in Sources */ = {isa = PBXBuildFile; fileRef = FF7BABDE2BCBF3C6002AF769 /* SceneDelegate.swift */; };
		FF7BABE42BCBF3C6002AF769 /* Base in Resources */ = {isa = PBXBuildFile; fileRef = FF7BABE32BCBF3C6002AF769 /* Base */; };
		FF7BABE62BCBF3C8002AF769 /* Assets.xcassets in Resources */ = {isa = PBXBuildFile; fileRef = FF7BABE52BCBF3C8002AF769 /* Assets.xcassets */; };
		FF7BABE92BCBF3C8002AF769 /* Base in Resources */ = {isa = PBXBuildFile; fileRef = FF7BABE82BCBF3C8002AF769 /* Base */; };
		FF7BABF62BCBF60E002AF769 /* RootNC.swift in Sources */ = {isa = PBXBuildFile; fileRef = FF7BABF52BCBF60E002AF769 /* RootNC.swift */; };
		FF7BABF92BCBF75B002AF769 /* VC.swift in Sources */ = {isa = PBXBuildFile; fileRef = FF7BABF82BCBF75B002AF769 /* VC.swift */; };
/* End PBXBuildFile section */

/* Begin PBXFileReference section */
		FF22E83F2BCCFE8900BDEBCB /* SignintoContinueVC.swift */ = {isa = PBXFileReference; lastKnownFileType = sourcecode.swift; path = SignintoContinueVC.swift; sourceTree = "<group>"; };
		FF22E8412BCD037F00BDEBCB /* SignintoEmailVC.swift */ = {isa = PBXFileReference; lastKnownFileType = sourcecode.swift; path = SignintoEmailVC.swift; sourceTree = "<group>"; };
		FF48E2862BD2B21400AC3267 /* Region.swift */ = {isa = PBXFileReference; lastKnownFileType = sourcecode.swift; path = Region.swift; sourceTree = "<group>"; };
		FF48E28D2BD2B58D00AC3267 /* RegionRepository.swift */ = {isa = PBXFileReference; lastKnownFileType = sourcecode.swift; path = RegionRepository.swift; sourceTree = "<group>"; };
		FF48E2902BD2B5C400AC3267 /* RegionDataSource.swift */ = {isa = PBXFileReference; lastKnownFileType = sourcecode.swift; path = RegionDataSource.swift; sourceTree = "<group>"; };
		FF6B52B62BD0DB4C00A8F42C /* Regex.swift */ = {isa = PBXFileReference; lastKnownFileType = sourcecode.swift; path = Regex.swift; sourceTree = "<group>"; };
		FF6B52B82BD0DE8900A8F42C /* String.swift */ = {isa = PBXFileReference; lastKnownFileType = sourcecode.swift; path = String.swift; sourceTree = "<group>"; };
		FF6B52BA2BD0E07E00A8F42C /* CreateAccVC.swift */ = {isa = PBXFileReference; lastKnownFileType = sourcecode.swift; path = CreateAccVC.swift; sourceTree = "<group>"; };
		FF6B52BC2BD16A2900A8F42C /* EnablenotiVC.swift */ = {isa = PBXFileReference; lastKnownFileType = sourcecode.swift; path = EnablenotiVC.swift; sourceTree = "<group>"; };
		FF6B52BF2BD173C500A8F42C /* Array.swift */ = {isa = PBXFileReference; lastKnownFileType = sourcecode.swift; path = Array.swift; sourceTree = "<group>"; };
		FF6B52C12BD175A900A8F42C /* WelcomeVC.swift */ = {isa = PBXFileReference; lastKnownFileType = sourcecode.swift; path = WelcomeVC.swift; sourceTree = "<group>"; };
		FF6B52C52BD1787300A8F42C /* RegionsCell.swift */ = {isa = PBXFileReference; lastKnownFileType = sourcecode.swift; path = RegionsCell.swift; sourceTree = "<group>"; };
		FF6B52C62BD1787300A8F42C /* RegionsCell.xib */ = {isa = PBXFileReference; lastKnownFileType = file.xib; path = RegionsCell.xib; sourceTree = "<group>"; };
		FF77DA882BCCF3390075C524 /* SplashScreenVC.swift */ = {isa = PBXFileReference; lastKnownFileType = sourcecode.swift; path = SplashScreenVC.swift; sourceTree = "<group>"; };
		FF7BABD92BCBF3C6002AF769 /* kayak-app-clone.app */ = {isa = PBXFileReference; explicitFileType = wrapper.application; includeInIndex = 0; path = "kayak-app-clone.app"; sourceTree = BUILT_PRODUCTS_DIR; };
		FF7BABDC2BCBF3C6002AF769 /* AppDelegate.swift */ = {isa = PBXFileReference; lastKnownFileType = sourcecode.swift; path = AppDelegate.swift; sourceTree = "<group>"; };
		FF7BABDE2BCBF3C6002AF769 /* SceneDelegate.swift */ = {isa = PBXFileReference; lastKnownFileType = sourcecode.swift; path = SceneDelegate.swift; sourceTree = "<group>"; };
		FF7BABE32BCBF3C6002AF769 /* Base */ = {isa = PBXFileReference; lastKnownFileType = file.storyboard; name = Base; path = Base.lproj/Main.storyboard; sourceTree = "<group>"; };
		FF7BABE52BCBF3C8002AF769 /* Assets.xcassets */ = {isa = PBXFileReference; lastKnownFileType = folder.assetcatalog; path = Assets.xcassets; sourceTree = "<group>"; };
		FF7BABE82BCBF3C8002AF769 /* Base */ = {isa = PBXFileReference; lastKnownFileType = file.storyboard; name = Base; path = Base.lproj/LaunchScreen.storyboard; sourceTree = "<group>"; };
		FF7BABEA2BCBF3C8002AF769 /* Info.plist */ = {isa = PBXFileReference; lastKnownFileType = text.plist.xml; path = Info.plist; sourceTree = "<group>"; };
		FF7BABF52BCBF60E002AF769 /* RootNC.swift */ = {isa = PBXFileReference; lastKnownFileType = sourcecode.swift; path = RootNC.swift; sourceTree = "<group>"; };
		FF7BABF82BCBF75B002AF769 /* VC.swift */ = {isa = PBXFileReference; lastKnownFileType = sourcecode.swift; path = VC.swift; sourceTree = "<group>"; };
/* End PBXFileReference section */

/* Begin PBXFrameworksBuildPhase section */
		FF7BABD62BCBF3C6002AF769 /* Frameworks */ = {
			isa = PBXFrameworksBuildPhase;
			buildActionMask = 2147483647;
			files = (
			);
			runOnlyForDeploymentPostprocessing = 0;
		};
/* End PBXFrameworksBuildPhase section */

/* Begin PBXGroup section */
		FF48E2882BD2B41B00AC3267 /* WelcomeVC */ = {
			isa = PBXGroup;
			children = (
				FF6B52C12BD175A900A8F42C /* WelcomeVC.swift */,
			);
			path = WelcomeVC;
			sourceTree = "<group>";
		};
		FF48E28B2BD2B44700AC3267 /* DataSource */ = {
			isa = PBXGroup;
			children = (
				FF48E28F2BD2B5B600AC3267 /* Local */,
				FF48E28C2BD2B45200AC3267 /* Repository */,
			);
			path = DataSource;
			sourceTree = "<group>";
		};
		FF48E28C2BD2B45200AC3267 /* Repository */ = {
			isa = PBXGroup;
			children = (
				FF48E28D2BD2B58D00AC3267 /* RegionRepository.swift */,
			);
			path = Repository;
			sourceTree = "<group>";
		};
		FF48E28F2BD2B5B600AC3267 /* Local */ = {
			isa = PBXGroup;
			children = (
				FF48E2902BD2B5C400AC3267 /* RegionDataSource.swift */,
			);
			path = Local;
			sourceTree = "<group>";
		};
		FF6B52C32BD1784200A8F42C /* Cell */ = {
			isa = PBXGroup;
			children = (
				FF6B52C42BD1784F00A8F42C /* RegionCells */,
			);
			path = Cell;
			sourceTree = "<group>";
		};
		FF6B52C42BD1784F00A8F42C /* RegionCells */ = {
			isa = PBXGroup;
			children = (
				FF6B52C52BD1787300A8F42C /* RegionsCell.swift */,
				FF6B52C62BD1787300A8F42C /* RegionsCell.xib */,
			);
			path = RegionCells;
			sourceTree = "<group>";
		};
		FF7BABD02BCBF3C6002AF769 = {
			isa = PBXGroup;
			children = (
				FF48E28B2BD2B44700AC3267 /* DataSource */,
				FF6B52C32BD1784200A8F42C /* Cell */,
				FF7BABF72BCBF750002AF769 /* Extension */,
				FF7BABF42BCBF4FE002AF769 /* Navigation */,
				FF7BABF22BCBF442002AF769 /* Model */,
				FF7BABF12BCBF436002AF769 /* ViewController */,
				FF7BABF02BCBF42D002AF769 /* Storyboard */,
				FF7BABDB2BCBF3C6002AF769 /* kayak-app-clone */,
				FF7BABDA2BCBF3C6002AF769 /* Products */,
			);
			sourceTree = "<group>";
		};
		FF7BABDA2BCBF3C6002AF769 /* Products */ = {
			isa = PBXGroup;
			children = (
				FF7BABD92BCBF3C6002AF769 /* kayak-app-clone.app */,
			);
			name = Products;
			sourceTree = "<group>";
		};
		FF7BABDB2BCBF3C6002AF769 /* kayak-app-clone */ = {
			isa = PBXGroup;
			children = (
				FF7BABDC2BCBF3C6002AF769 /* AppDelegate.swift */,
				FF7BABDE2BCBF3C6002AF769 /* SceneDelegate.swift */,
				FF7BABE52BCBF3C8002AF769 /* Assets.xcassets */,
				FF7BABE72BCBF3C8002AF769 /* LaunchScreen.storyboard */,
				FF7BABEA2BCBF3C8002AF769 /* Info.plist */,
			);
			path = "kayak-app-clone";
			sourceTree = "<group>";
		};
		FF7BABF02BCBF42D002AF769 /* Storyboard */ = {
			isa = PBXGroup;
			children = (
				FF7BABE22BCBF3C6002AF769 /* Main.storyboard */,
			);
			path = Storyboard;
			sourceTree = "<group>";
		};
		FF7BABF12BCBF436002AF769 /* ViewController */ = {
			isa = PBXGroup;
			children = (
				FF48E2882BD2B41B00AC3267 /* WelcomeVC */,
				FF77DA882BCCF3390075C524 /* SplashScreenVC.swift */,
				FF22E83F2BCCFE8900BDEBCB /* SignintoContinueVC.swift */,
				FF22E8412BCD037F00BDEBCB /* SignintoEmailVC.swift */,
				FF6B52BA2BD0E07E00A8F42C /* CreateAccVC.swift */,
				FF6B52BC2BD16A2900A8F42C /* EnablenotiVC.swift */,
			);
			path = ViewController;
			sourceTree = "<group>";
		};
		FF7BABF22BCBF442002AF769 /* Model */ = {
			isa = PBXGroup;
			children = (
				FF48E2862BD2B21400AC3267 /* Region.swift */,
			);
			path = Model;
			sourceTree = "<group>";
		};
		FF7BABF42BCBF4FE002AF769 /* Navigation */ = {
			isa = PBXGroup;
			children = (
				FF7BABF52BCBF60E002AF769 /* RootNC.swift */,
			);
			path = Navigation;
			sourceTree = "<group>";
		};
		FF7BABF72BCBF750002AF769 /* Extension */ = {
			isa = PBXGroup;
			children = (
				FF7BABF82BCBF75B002AF769 /* VC.swift */,
				FF6B52B62BD0DB4C00A8F42C /* Regex.swift */,
				FF6B52B82BD0DE8900A8F42C /* String.swift */,
				FF6B52BF2BD173C500A8F42C /* Array.swift */,
			);
			path = Extension;
			sourceTree = "<group>";
		};
/* End PBXGroup section */

/* Begin PBXNativeTarget section */
		FF7BABD82BCBF3C6002AF769 /* kayak-app-clone */ = {
			isa = PBXNativeTarget;
			buildConfigurationList = FF7BABED2BCBF3C8002AF769 /* Build configuration list for PBXNativeTarget "kayak-app-clone" */;
			buildPhases = (
				FF7BABD52BCBF3C6002AF769 /* Sources */,
				FF7BABD62BCBF3C6002AF769 /* Frameworks */,
				FF7BABD72BCBF3C6002AF769 /* Resources */,
			);
			buildRules = (
			);
			dependencies = (
			);
			name = "kayak-app-clone";
			productName = "kayak-app-clone";
			productReference = FF7BABD92BCBF3C6002AF769 /* kayak-app-clone.app */;
			productType = "com.apple.product-type.application";
		};
/* End PBXNativeTarget section */

/* Begin PBXProject section */
		FF7BABD12BCBF3C6002AF769 /* Project object */ = {
			isa = PBXProject;
			attributes = {
				BuildIndependentTargetsInParallel = 1;
				LastSwiftUpdateCheck = 1530;
				LastUpgradeCheck = 1530;
				TargetAttributes = {
					FF7BABD82BCBF3C6002AF769 = {
						CreatedOnToolsVersion = 15.3;
					};
				};
			};
			buildConfigurationList = FF7BABD42BCBF3C6002AF769 /* Build configuration list for PBXProject "kayak-app-clone" */;
			compatibilityVersion = "Xcode 14.0";
			developmentRegion = en;
			hasScannedForEncodings = 0;
			knownRegions = (
				en,
				Base,
			);
			mainGroup = FF7BABD02BCBF3C6002AF769;
			productRefGroup = FF7BABDA2BCBF3C6002AF769 /* Products */;
			projectDirPath = "";
			projectRoot = "";
			targets = (
				FF7BABD82BCBF3C6002AF769 /* kayak-app-clone */,
			);
		};
/* End PBXProject section */

/* Begin PBXResourcesBuildPhase section */
		FF7BABD72BCBF3C6002AF769 /* Resources */ = {
			isa = PBXResourcesBuildPhase;
			buildActionMask = 2147483647;
			files = (
				FF7BABE62BCBF3C8002AF769 /* Assets.xcassets in Resources */,
				FF7BABE92BCBF3C8002AF769 /* Base in Resources */,
				FF7BABE42BCBF3C6002AF769 /* Base in Resources */,
				FF6B52C82BD1787300A8F42C /* RegionsCell.xib in Resources */,
			);
			runOnlyForDeploymentPostprocessing = 0;
		};
/* End PBXResourcesBuildPhase section */

/* Begin PBXSourcesBuildPhase section */
		FF7BABD52BCBF3C6002AF769 /* Sources */ = {
			isa = PBXSourcesBuildPhase;
			buildActionMask = 2147483647;
			files = (
				FF48E2912BD2B5C400AC3267 /* RegionDataSource.swift in Sources */,
				FF22E8422BCD037F00BDEBCB /* SignintoEmailVC.swift in Sources */,
				FF6B52B72BD0DB4C00A8F42C /* Regex.swift in Sources */,
				FF7BABF62BCBF60E002AF769 /* RootNC.swift in Sources */,
				FF7BABDD2BCBF3C6002AF769 /* AppDelegate.swift in Sources */,
				FF6B52C22BD175A900A8F42C /* WelcomeVC.swift in Sources */,
				FF22E8402BCCFE8900BDEBCB /* SignintoContinueVC.swift in Sources */,
				FF7BABF92BCBF75B002AF769 /* VC.swift in Sources */,
				FF6B52BD2BD16A2900A8F42C /* EnablenotiVC.swift in Sources */,
				FF77DA892BCCF3390075C524 /* SplashScreenVC.swift in Sources */,
				FF6B52C72BD1787300A8F42C /* RegionsCell.swift in Sources */,
				FF6B52B92BD0DE8900A8F42C /* String.swift in Sources */,
				FF6B52C02BD173C500A8F42C /* Array.swift in Sources */,
				FF6B52BB2BD0E07E00A8F42C /* CreateAccVC.swift in Sources */,
				FF48E28E2BD2B58D00AC3267 /* RegionRepository.swift in Sources */,
				FF7BABDF2BCBF3C6002AF769 /* SceneDelegate.swift in Sources */,
				FF48E2872BD2B21400AC3267 /* Region.swift in Sources */,
			);
			runOnlyForDeploymentPostprocessing = 0;
		};
/* End PBXSourcesBuildPhase section */

/* Begin PBXVariantGroup section */
		FF7BABE22BCBF3C6002AF769 /* Main.storyboard */ = {
			isa = PBXVariantGroup;
			children = (
				FF7BABE32BCBF3C6002AF769 /* Base */,
			);
			name = Main.storyboard;
			sourceTree = "<group>";
		};
		FF7BABE72BCBF3C8002AF769 /* LaunchScreen.storyboard */ = {
			isa = PBXVariantGroup;
			children = (
				FF7BABE82BCBF3C8002AF769 /* Base */,
			);
			name = LaunchScreen.storyboard;
			sourceTree = "<group>";
		};
/* End PBXVariantGroup section */

/* Begin XCBuildConfiguration section */
		FF7BABEB2BCBF3C8002AF769 /* Debug */ = {
			isa = XCBuildConfiguration;
			buildSettings = {
				ALWAYS_SEARCH_USER_PATHS = NO;
				ASSETCATALOG_COMPILER_GENERATE_SWIFT_ASSET_SYMBOL_EXTENSIONS = YES;
				CLANG_ANALYZER_NONNULL = YES;
				CLANG_ANALYZER_NUMBER_OBJECT_CONVERSION = YES_AGGRESSIVE;
				CLANG_CXX_LANGUAGE_STANDARD = "gnu++20";
				CLANG_ENABLE_MODULES = YES;
				CLANG_ENABLE_OBJC_ARC = YES;
				CLANG_ENABLE_OBJC_WEAK = YES;
				CLANG_WARN_BLOCK_CAPTURE_AUTORELEASING = YES;
				CLANG_WARN_BOOL_CONVERSION = YES;
				CLANG_WARN_COMMA = YES;
				CLANG_WARN_CONSTANT_CONVERSION = YES;
				CLANG_WARN_DEPRECATED_OBJC_IMPLEMENTATIONS = YES;
				CLANG_WARN_DIRECT_OBJC_ISA_USAGE = YES_ERROR;
				CLANG_WARN_DOCUMENTATION_COMMENTS = YES;
				CLANG_WARN_EMPTY_BODY = YES;
				CLANG_WARN_ENUM_CONVERSION = YES;
				CLANG_WARN_INFINITE_RECURSION = YES;
				CLANG_WARN_INT_CONVERSION = YES;
				CLANG_WARN_NON_LITERAL_NULL_CONVERSION = YES;
				CLANG_WARN_OBJC_IMPLICIT_RETAIN_SELF = YES;
				CLANG_WARN_OBJC_LITERAL_CONVERSION = YES;
				CLANG_WARN_OBJC_ROOT_CLASS = YES_ERROR;
				CLANG_WARN_QUOTED_INCLUDE_IN_FRAMEWORK_HEADER = YES;
				CLANG_WARN_RANGE_LOOP_ANALYSIS = YES;
				CLANG_WARN_STRICT_PROTOTYPES = YES;
				CLANG_WARN_SUSPICIOUS_MOVE = YES;
				CLANG_WARN_UNGUARDED_AVAILABILITY = YES_AGGRESSIVE;
				CLANG_WARN_UNREACHABLE_CODE = YES;
				CLANG_WARN__DUPLICATE_METHOD_MATCH = YES;
				COPY_PHASE_STRIP = NO;
				DEBUG_INFORMATION_FORMAT = dwarf;
				ENABLE_STRICT_OBJC_MSGSEND = YES;
				ENABLE_TESTABILITY = YES;
				ENABLE_USER_SCRIPT_SANDBOXING = YES;
				GCC_C_LANGUAGE_STANDARD = gnu17;
				GCC_DYNAMIC_NO_PIC = NO;
				GCC_NO_COMMON_BLOCKS = YES;
				GCC_OPTIMIZATION_LEVEL = 0;
				GCC_PREPROCESSOR_DEFINITIONS = (
					"DEBUG=1",
					"$(inherited)",
				);
				GCC_WARN_64_TO_32_BIT_CONVERSION = YES;
				GCC_WARN_ABOUT_RETURN_TYPE = YES_ERROR;
				GCC_WARN_UNDECLARED_SELECTOR = YES;
				GCC_WARN_UNINITIALIZED_AUTOS = YES_AGGRESSIVE;
				GCC_WARN_UNUSED_FUNCTION = YES;
				GCC_WARN_UNUSED_VARIABLE = YES;
				IPHONEOS_DEPLOYMENT_TARGET = 17.4;
				LOCALIZATION_PREFERS_STRING_CATALOGS = YES;
				MTL_ENABLE_DEBUG_INFO = INCLUDE_SOURCE;
				MTL_FAST_MATH = YES;
				ONLY_ACTIVE_ARCH = YES;
				SDKROOT = iphoneos;
				SWIFT_ACTIVE_COMPILATION_CONDITIONS = "DEBUG $(inherited)";
				SWIFT_OPTIMIZATION_LEVEL = "-Onone";
			};
			name = Debug;
		};
		FF7BABEC2BCBF3C8002AF769 /* Release */ = {
			isa = XCBuildConfiguration;
			buildSettings = {
				ALWAYS_SEARCH_USER_PATHS = NO;
				ASSETCATALOG_COMPILER_GENERATE_SWIFT_ASSET_SYMBOL_EXTENSIONS = YES;
				CLANG_ANALYZER_NONNULL = YES;
				CLANG_ANALYZER_NUMBER_OBJECT_CONVERSION = YES_AGGRESSIVE;
				CLANG_CXX_LANGUAGE_STANDARD = "gnu++20";
				CLANG_ENABLE_MODULES = YES;
				CLANG_ENABLE_OBJC_ARC = YES;
				CLANG_ENABLE_OBJC_WEAK = YES;
				CLANG_WARN_BLOCK_CAPTURE_AUTORELEASING = YES;
				CLANG_WARN_BOOL_CONVERSION = YES;
				CLANG_WARN_COMMA = YES;
				CLANG_WARN_CONSTANT_CONVERSION = YES;
				CLANG_WARN_DEPRECATED_OBJC_IMPLEMENTATIONS = YES;
				CLANG_WARN_DIRECT_OBJC_ISA_USAGE = YES_ERROR;
				CLANG_WARN_DOCUMENTATION_COMMENTS = YES;
				CLANG_WARN_EMPTY_BODY = YES;
				CLANG_WARN_ENUM_CONVERSION = YES;
				CLANG_WARN_INFINITE_RECURSION = YES;
				CLANG_WARN_INT_CONVERSION = YES;
				CLANG_WARN_NON_LITERAL_NULL_CONVERSION = YES;
				CLANG_WARN_OBJC_IMPLICIT_RETAIN_SELF = YES;
				CLANG_WARN_OBJC_LITERAL_CONVERSION = YES;
				CLANG_WARN_OBJC_ROOT_CLASS = YES_ERROR;
				CLANG_WARN_QUOTED_INCLUDE_IN_FRAMEWORK_HEADER = YES;
				CLANG_WARN_RANGE_LOOP_ANALYSIS = YES;
				CLANG_WARN_STRICT_PROTOTYPES = YES;
				CLANG_WARN_SUSPICIOUS_MOVE = YES;
				CLANG_WARN_UNGUARDED_AVAILABILITY = YES_AGGRESSIVE;
				CLANG_WARN_UNREACHABLE_CODE = YES;
				CLANG_WARN__DUPLICATE_METHOD_MATCH = YES;
				COPY_PHASE_STRIP = NO;
				DEBUG_INFORMATION_FORMAT = "dwarf-with-dsym";
				ENABLE_NS_ASSERTIONS = NO;
				ENABLE_STRICT_OBJC_MSGSEND = YES;
				ENABLE_USER_SCRIPT_SANDBOXING = YES;
				GCC_C_LANGUAGE_STANDARD = gnu17;
				GCC_NO_COMMON_BLOCKS = YES;
				GCC_WARN_64_TO_32_BIT_CONVERSION = YES;
				GCC_WARN_ABOUT_RETURN_TYPE = YES_ERROR;
				GCC_WARN_UNDECLARED_SELECTOR = YES;
				GCC_WARN_UNINITIALIZED_AUTOS = YES_AGGRESSIVE;
				GCC_WARN_UNUSED_FUNCTION = YES;
				GCC_WARN_UNUSED_VARIABLE = YES;
				IPHONEOS_DEPLOYMENT_TARGET = 17.4;
				LOCALIZATION_PREFERS_STRING_CATALOGS = YES;
				MTL_ENABLE_DEBUG_INFO = NO;
				MTL_FAST_MATH = YES;
				SDKROOT = iphoneos;
				SWIFT_COMPILATION_MODE = wholemodule;
				VALIDATE_PRODUCT = YES;
			};
			name = Release;
		};
		FF7BABEE2BCBF3C8002AF769 /* Debug */ = {
			isa = XCBuildConfiguration;
			buildSettings = {
				ASSETCATALOG_COMPILER_APPICON_NAME = AppIcon;
				ASSETCATALOG_COMPILER_GLOBAL_ACCENT_COLOR_NAME = AccentColor;
				CODE_SIGN_STYLE = Automatic;
				CURRENT_PROJECT_VERSION = 1;
				DEVELOPMENT_TEAM = 4MMDZ72L5F;
				GENERATE_INFOPLIST_FILE = YES;
				INFOPLIST_FILE = "kayak-app-clone/Info.plist";
				INFOPLIST_KEY_UIApplicationSupportsIndirectInputEvents = YES;
				INFOPLIST_KEY_UILaunchStoryboardName = LaunchScreen;
				INFOPLIST_KEY_UIMainStoryboardFile = Main;
				INFOPLIST_KEY_UISupportedInterfaceOrientations_iPad = "UIInterfaceOrientationPortrait UIInterfaceOrientationPortraitUpsideDown UIInterfaceOrientationLandscapeLeft UIInterfaceOrientationLandscapeRight";
				INFOPLIST_KEY_UISupportedInterfaceOrientations_iPhone = "UIInterfaceOrientationPortrait UIInterfaceOrientationLandscapeLeft UIInterfaceOrientationLandscapeRight";
				LD_RUNPATH_SEARCH_PATHS = (
					"$(inherited)",
					"@executable_path/Frameworks",
				);
				MARKETING_VERSION = 1.0;
				PRODUCT_BUNDLE_IDENTIFIER = "com.s1thu.kayak-app-clone";
				PRODUCT_NAME = "$(TARGET_NAME)";
				SUPPORTED_PLATFORMS = "iphoneos iphonesimulator";
				SUPPORTS_MACCATALYST = NO;
				SUPPORTS_XR_DESIGNED_FOR_IPHONE_IPAD = NO;
				SWIFT_EMIT_LOC_STRINGS = YES;
				SWIFT_VERSION = 5.0;
				TARGETED_DEVICE_FAMILY = "1,2";
			};
			name = Debug;
		};
		FF7BABEF2BCBF3C8002AF769 /* Release */ = {
			isa = XCBuildConfiguration;
			buildSettings = {
				ASSETCATALOG_COMPILER_APPICON_NAME = AppIcon;
				ASSETCATALOG_COMPILER_GLOBAL_ACCENT_COLOR_NAME = AccentColor;
				CODE_SIGN_STYLE = Automatic;
				CURRENT_PROJECT_VERSION = 1;
				DEVELOPMENT_TEAM = 4MMDZ72L5F;
				GENERATE_INFOPLIST_FILE = YES;
				INFOPLIST_FILE = "kayak-app-clone/Info.plist";
				INFOPLIST_KEY_UIApplicationSupportsIndirectInputEvents = YES;
				INFOPLIST_KEY_UILaunchStoryboardName = LaunchScreen;
				INFOPLIST_KEY_UIMainStoryboardFile = Main;
				INFOPLIST_KEY_UISupportedInterfaceOrientations_iPad = "UIInterfaceOrientationPortrait UIInterfaceOrientationPortraitUpsideDown UIInterfaceOrientationLandscapeLeft UIInterfaceOrientationLandscapeRight";
				INFOPLIST_KEY_UISupportedInterfaceOrientations_iPhone = "UIInterfaceOrientationPortrait UIInterfaceOrientationLandscapeLeft UIInterfaceOrientationLandscapeRight";
				LD_RUNPATH_SEARCH_PATHS = (
					"$(inherited)",
					"@executable_path/Frameworks",
				);
				MARKETING_VERSION = 1.0;
				PRODUCT_BUNDLE_IDENTIFIER = "com.s1thu.kayak-app-clone";
				PRODUCT_NAME = "$(TARGET_NAME)";
				SUPPORTED_PLATFORMS = "iphoneos iphonesimulator";
				SUPPORTS_MACCATALYST = NO;
				SUPPORTS_XR_DESIGNED_FOR_IPHONE_IPAD = NO;
				SWIFT_EMIT_LOC_STRINGS = YES;
				SWIFT_VERSION = 5.0;
				TARGETED_DEVICE_FAMILY = "1,2";
			};
			name = Release;
		};
/* End XCBuildConfiguration section */

/* Begin XCConfigurationList section */
		FF7BABD42BCBF3C6002AF769 /* Build configuration list for PBXProject "kayak-app-clone" */ = {
			isa = XCConfigurationList;
			buildConfigurations = (
				FF7BABEB2BCBF3C8002AF769 /* Debug */,
				FF7BABEC2BCBF3C8002AF769 /* Release */,
			);
			defaultConfigurationIsVisible = 0;
			defaultConfigurationName = Release;
		};
		FF7BABED2BCBF3C8002AF769 /* Build configuration list for PBXNativeTarget "kayak-app-clone" */ = {
			isa = XCConfigurationList;
			buildConfigurations = (
				FF7BABEE2BCBF3C8002AF769 /* Debug */,
				FF7BABEF2BCBF3C8002AF769 /* Release */,
			);
			defaultConfigurationIsVisible = 0;
			defaultConfigurationName = Release;
		};
/* End XCConfigurationList section */
	};
	rootObject = FF7BABD12BCBF3C6002AF769 /* Project object */;
}
